
Microsoft Visual Studio Solution File, Format Version 12.00
# Visual Studio Version 17
VisualStudioVersion = 17.10.35013.160
MinimumVisualStudioVersion = 10.0.40219.1
Project("{FAE04EC0-301F-11D3-BF4B-00C04F79EFBC}") = "PD324_01", "PD324_01\PD324_01.csproj", "{A5A1E0FD-E884-4918-81CD-DFC725E88407}"
EndProject
Global
	GlobalSection(SolutionConfigurationPlatforms) = preSolution
		Debug|Any CPU = Debug|Any CPU
		Release|Any CPU = Release|Any CPU
	EndGlobalSection
	GlobalSection(ProjectConfigurationPlatforms) = postSolution
		{A5A1E0FD-E884-4918-81CD-DFC725E88407}.Debug|Any CPU.ActiveCfg = Debug|Any CPU
		{A5A1E0FD-E884-4918-81CD-DFC725E88407}.Debug|Any CPU.Build.0 = Debug|Any CPU
		{A5A1E0FD-E884-4918-81CD-DFC725E88407}.Release|Any CPU.ActiveCfg = Release|Any CPU
		{A5A1E0FD-E884-4918-81CD-DFC725E88407}.Release|Any CPU.Build.0 = Release|Any CPU
	EndGlobalSection
	GlobalSection(SolutionProperties) = preSolution
		HideSolutionNode = FALSE
	EndGlobalSection
	GlobalSection(ExtensibilityGlobals) = postSolution
		SolutionGuid = {40FB2DAE-F80E-444C-B78D-D9A389FA5EB7}
	EndGlobalSection
EndGlobal
